{
    "_meta": {
        "hash": {
            "sha256": "e451270cf544a68f7be304e31b6e5c4ee898bae1f395d5fffadeae5d9a683489"
        },
        "pipfile-spec": 6,
        "requires": {
            "python_version": "3.7"
        },
        "sources": [
            {
                "name": "pypi",
                "url": "https://pypi.org/simple",
                "verify_ssl": true
            }
        ]
    },
    "default": {
        "django": {
            "path": "./django"
        }
    },
    "develop": {}
}
